
Microsoft Visual Studio Solution File, Format Version 11.00
# Visual Studio 2010
Project("{2150E333-8FDC-42A3-9474-1A3956D46DE8}") = "Solution Items", "Solution Items", "{088F8A45-52AD-44EB-A0F3-F1E8BFAEB2DE}"
	ProjectSection(SolutionItems) = preProject
		AFramework.vsmdi = AFramework.vsmdi
		local.testsettings = local.testsettings
	EndProjectSection
EndProject
Project("{FAE04EC0-301F-11D3-BF4B-00C04F79EFBC}") = "AFramework", "AFramework.csproj", "{F094ED7C-3C40-4ABD-852C-80F075F72BDE}"
EndProject
Project("{FAE04EC0-301F-11D3-BF4B-00C04F79EFBC}") = "AFramework.Tests", "..\AFramework.Tests\AFramework.Tests.csproj", "{FF306C53-6AF9-4E85-AEBD-2A8B44D05370}"
EndProject
Global
	GlobalSection(TeamFoundationVersionControl) = preSolution
		SccNumberOfProjects = 3
		SccEnterpriseProvider = {4CA58AB2-18FA-4F8D-95D4-32DDF27D184C}
		SccTeamFoundationServer = https://tfs.codeplex.com/tfs/tfs07
		SccLocalPath0 = .
		SccProjectUniqueName1 = ..\\AFramework.Tests\\AFramework.Tests.csproj
		SccProjectName1 = ../AFramework.Tests
		SccLocalPath1 = ..\\AFramework.Tests
		SccProjectUniqueName2 = AFramework.csproj
		SccLocalPath2 = .
	EndGlobalSection
	GlobalSection(TestCaseManagementSettings) = postSolution
		CategoryFile = AFramework.vsmdi
	EndGlobalSection
	GlobalSection(SolutionConfigurationPlatforms) = preSolution
		Debug|Any CPU = Debug|Any CPU
		Release|Any CPU = Release|Any CPU
	EndGlobalSection
	GlobalSection(ProjectConfigurationPlatforms) = postSolution
		{F094ED7C-3C40-4ABD-852C-80F075F72BDE}.Debug|Any CPU.ActiveCfg = Debug|Any CPU
		{F094ED7C-3C40-4ABD-852C-80F075F72BDE}.Debug|Any CPU.Build.0 = Debug|Any CPU
		{F094ED7C-3C40-4ABD-852C-80F075F72BDE}.Release|Any CPU.ActiveCfg = Release|Any CPU
		{F094ED7C-3C40-4ABD-852C-80F075F72BDE}.Release|Any CPU.Build.0 = Release|Any CPU
		{FF306C53-6AF9-4E85-AEBD-2A8B44D05370}.Debug|Any CPU.ActiveCfg = Debug|Any CPU
		{FF306C53-6AF9-4E85-AEBD-2A8B44D05370}.Debug|Any CPU.Build.0 = Debug|Any CPU
		{FF306C53-6AF9-4E85-AEBD-2A8B44D05370}.Release|Any CPU.ActiveCfg = Release|Any CPU
		{FF306C53-6AF9-4E85-AEBD-2A8B44D05370}.Release|Any CPU.Build.0 = Release|Any CPU
	EndGlobalSection
	GlobalSection(SolutionProperties) = preSolution
		HideSolutionNode = FALSE
	EndGlobalSection
EndGlobal
